{
  "name": "issue-auto-labeler",
  "version": "1.0.0",
  "lockfileVersion": 3,
  "requires": true,
  "packages": {
    "": {
      "name": "issue-auto-labeler",
      "version": "1.0.0",
      "license": "MIT",
      "dependencies": {
        "plugin-sdk": "file:../../dist/sdk"
      }
    },
    "../../dist/sdk": {},
    "node_modules/plugin-sdk": {
      "resolved": "../../dist/sdk",
      "link": true
    }
  }
}
